
Microsoft Visual Studio Solution File, Format Version 12.00
# Visual Studio 14
VisualStudioVersion = 14.0.25420.1
MinimumVisualStudioVersion = 10.0.40219.1
Project("{FAE04EC0-301F-11D3-BF4B-00C04F79EFBC}") = "DocumentUpload", "DocumentUpload\DocumentUpload.csproj", "{A5665F02-506E-4F47-AAC0-4CC69EA0A58E}"
EndProject
Project("{FAE04EC0-301F-11D3-BF4B-00C04F79EFBC}") = "DocumentUploadTests", "DocumentUploadTests\DocumentUploadTests.csproj", "{AC04E282-AE07-41E0-856F-C8A8072AC1C7}"
EndProject
Global
	GlobalSection(SolutionConfigurationPlatforms) = preSolution
		Debug|Any CPU = Debug|Any CPU
		Release|Any CPU = Release|Any CPU
	EndGlobalSection
	GlobalSection(ProjectConfigurationPlatforms) = postSolution
		{A5665F02-506E-4F47-AAC0-4CC69EA0A58E}.Debug|Any CPU.ActiveCfg = Debug|Any CPU
		{A5665F02-506E-4F47-AAC0-4CC69EA0A58E}.Debug|Any CPU.Build.0 = Debug|Any CPU
		{A5665F02-506E-4F47-AAC0-4CC69EA0A58E}.Release|Any CPU.ActiveCfg = Release|Any CPU
		{A5665F02-506E-4F47-AAC0-4CC69EA0A58E}.Release|Any CPU.Build.0 = Release|Any CPU
		{AC04E282-AE07-41E0-856F-C8A8072AC1C7}.Debug|Any CPU.ActiveCfg = Debug|Any CPU
		{AC04E282-AE07-41E0-856F-C8A8072AC1C7}.Debug|Any CPU.Build.0 = Debug|Any CPU
		{AC04E282-AE07-41E0-856F-C8A8072AC1C7}.Release|Any CPU.ActiveCfg = Release|Any CPU
		{AC04E282-AE07-41E0-856F-C8A8072AC1C7}.Release|Any CPU.Build.0 = Release|Any CPU
	EndGlobalSection
	GlobalSection(SolutionProperties) = preSolution
		HideSolutionNode = FALSE
	EndGlobalSection
EndGlobal
